
Microsoft Visual Studio Solution File, Format Version 12.00
# Visual Studio 15
VisualStudioVersion = 15.0.28307.539
MinimumVisualStudioVersion = 10.0.40219.1
Project("{FAE04EC0-301F-11D3-BF4B-00C04F79EFBC}") = "CustomPrinterTest", "CustomPrinterTest\CustomPrinterTest.csproj", "{706CFC31-7571-4848-99DC-35A455F3B06E}"
EndProject
Global
	GlobalSection(SolutionConfigurationPlatforms) = preSolution
		Debug|Any CPU = Debug|Any CPU
		Release|Any CPU = Release|Any CPU
	EndGlobalSection
	GlobalSection(ProjectConfigurationPlatforms) = postSolution
		{706CFC31-7571-4848-99DC-35A455F3B06E}.Debug|Any CPU.ActiveCfg = Debug|Any CPU
		{706CFC31-7571-4848-99DC-35A455F3B06E}.Debug|Any CPU.Build.0 = Debug|Any CPU
		{706CFC31-7571-4848-99DC-35A455F3B06E}.Release|Any CPU.ActiveCfg = Release|Any CPU
		{706CFC31-7571-4848-99DC-35A455F3B06E}.Release|Any CPU.Build.0 = Release|Any CPU
	EndGlobalSection
	GlobalSection(SolutionProperties) = preSolution
		HideSolutionNode = FALSE
	EndGlobalSection
	GlobalSection(ExtensibilityGlobals) = postSolution
		SolutionGuid = {2B35BC20-C4CB-4723-A14D-C2B5E18A793B}
	EndGlobalSection
EndGlobal
